
Microsoft Visual Studio Solution File, Format Version 12.00
# Visual Studio Version 17
VisualStudioVersion = 17.12.35506.116
MinimumVisualStudioVersion = 10.0.40219.1
Project("{FAE04EC0-301F-11D3-BF4B-00C04F79EFBC}") = "VNPAY.NET", "VNPAY.NET\VNPAY.NET.csproj", "{11B213BC-FC72-4C8B-A352-323148D188A9}"
EndProject
Project("{FAE04EC0-301F-11D3-BF4B-00C04F79EFBC}") = "Backend API Testing", "Backend API Testing\Backend API Testing.csproj", "{D6276098-A168-4AB7-BCBF-69F9BFE99480}"
EndProject
Project("{FAE04EC0-301F-11D3-BF4B-00C04F79EFBC}") = "VNPAY", "VNPAY\VNPAY.csproj", "{1EB18B1B-F581-4C6E-BA7C-CA3346F8B3B1}"
EndProject
Global
	GlobalSection(SolutionConfigurationPlatforms) = preSolution
		Debug|Any CPU = Debug|Any CPU
		Release|Any CPU = Release|Any CPU
	EndGlobalSection
	GlobalSection(ProjectConfigurationPlatforms) = postSolution
		{11B213BC-FC72-4C8B-A352-323148D188A9}.Debug|Any CPU.ActiveCfg = Debug|Any CPU
		{11B213BC-FC72-4C8B-A352-323148D188A9}.Debug|Any CPU.Build.0 = Debug|Any CPU
		{11B213BC-FC72-4C8B-A352-323148D188A9}.Release|Any CPU.ActiveCfg = Release|Any CPU
		{11B213BC-FC72-4C8B-A352-323148D188A9}.Release|Any CPU.Build.0 = Release|Any CPU
		{D6276098-A168-4AB7-BCBF-69F9BFE99480}.Debug|Any CPU.ActiveCfg = Debug|Any CPU
		{D6276098-A168-4AB7-BCBF-69F9BFE99480}.Debug|Any CPU.Build.0 = Debug|Any CPU
		{D6276098-A168-4AB7-BCBF-69F9BFE99480}.Release|Any CPU.ActiveCfg = Release|Any CPU
		{D6276098-A168-4AB7-BCBF-69F9BFE99480}.Release|Any CPU.Build.0 = Release|Any CPU
		{1EB18B1B-F581-4C6E-BA7C-CA3346F8B3B1}.Debug|Any CPU.ActiveCfg = Debug|Any CPU
		{1EB18B1B-F581-4C6E-BA7C-CA3346F8B3B1}.Debug|Any CPU.Build.0 = Debug|Any CPU
		{1EB18B1B-F581-4C6E-BA7C-CA3346F8B3B1}.Release|Any CPU.ActiveCfg = Release|Any CPU
		{1EB18B1B-F581-4C6E-BA7C-CA3346F8B3B1}.Release|Any CPU.Build.0 = Release|Any CPU
	EndGlobalSection
	GlobalSection(SolutionProperties) = preSolution
		HideSolutionNode = FALSE
	EndGlobalSection
	GlobalSection(ExtensibilityGlobals) = postSolution
		SolutionGuid = {575422F2-1376-4432-9E72-6A653E639D4F}
	EndGlobalSection
EndGlobal
